// !$*UTF8*$!
{
	archiveVersion = 1;
	classes = {
	};
	objectVersion = 46;
	objects = {

/* Begin PBXBuildFile section */
		2964921A1C12F8D000F54CE6 /* Assets.xcassets in Resources */ = {isa = PBXBuildFile; fileRef = 296492191C12F8D000F54CE6 /* Assets.xcassets */; };
		2964921D1C12F8D000F54CE6 /* LaunchScreen.storyboard in Resources */ = {isa = PBXBuildFile; fileRef = 2964921B1C12F8D000F54CE6 /* LaunchScreen.storyboard */; };
		296492301C12FC9900F54CE6 /* AppDelegate.m in Sources */ = {isa = PBXBuildFile; fileRef = 2964922C1C12FC9900F54CE6 /* AppDelegate.m */; };
		296492311C12FC9900F54CE6 /* main.m in Sources */ = {isa = PBXBuildFile; fileRef = 2964922D1C12FC9900F54CE6 /* main.m */; };
/* End PBXBuildFile section */

/* Begin PBXFileReference section */
		2964920A1C12F8D000F54CE6 /* WeatherReport.app */ = {isa = PBXFileReference; explicitFileType = wrapper.application; includeInIndex = 0; path = WeatherReport.app; sourceTree = BUILT_PRODUCTS_DIR; };
		296492191C12F8D000F54CE6 /* Assets.xcassets */ = {isa = PBXFileReference; lastKnownFileType = folder.assetcatalog; path = Assets.xcassets; sourceTree = "<group>"; };
		2964921C1C12F8D000F54CE6 /* Base */ = {isa = PBXFileReference; lastKnownFileType = file.storyboard; name = Base; path = Base.lproj/LaunchScreen.storyboard; sourceTree = "<group>"; };
		2964921E1C12F8D000F54CE6 /* Info.plist */ = {isa = PBXFileReference; lastKnownFileType = text.plist.xml; path = Info.plist; sourceTree = "<group>"; };
		2964922B1C12FC9900F54CE6 /* AppDelegate.h */ = {isa = PBXFileReference; fileEncoding = 4; lastKnownFileType = sourcecode.c.h; path = AppDelegate.h; sourceTree = "<group>"; };
		2964922C1C12FC9900F54CE6 /* AppDelegate.m */ = {isa = PBXFileReference; fileEncoding = 4; lastKnownFileType = sourcecode.c.objc; path = AppDelegate.m; sourceTree = "<group>"; };
		2964922D1C12FC9900F54CE6 /* main.m */ = {isa = PBXFileReference; fileEncoding = 4; lastKnownFileType = sourcecode.c.objc; path = main.m; sourceTree = "<group>"; };
/* End PBXFileReference section */

/* Begin PBXFrameworksBuildPhase section */
		296492071C12F8D000F54CE6 /* Frameworks */ = {
			isa = PBXFrameworksBuildPhase;
			buildActionMask = 2147483647;
			files = (
			);
			runOnlyForDeploymentPostprocessing = 0;
		};
/* End PBXFrameworksBuildPhase section */

/* Begin PBXGroup section */
		296492011C12F8D000F54CE6 = {
			isa = PBXGroup;
			children = (
				2964920C1C12F8D000F54CE6 /* WeatherReport */,
				2964920B1C12F8D000F54CE6 /* Products */,
			);
			sourceTree = "<group>";
		};
		2964920B1C12F8D000F54CE6 /* Products */ = {
			isa = PBXGroup;
			children = (
				2964920A1C12F8D000F54CE6 /* WeatherReport.app */,
			);
			name = Products;
			sourceTree = "<group>";
		};
		2964920C1C12F8D000F54CE6 /* WeatherReport */ = {
			isa = PBXGroup;
			children = (
				296492261C12FC9900F54CE6 /* Controller */,
				296492271C12FC9900F54CE6 /* Main */,
				2964922E1C12FC9900F54CE6 /* Model */,
				2964922F1C12FC9900F54CE6 /* View */,
				296492191C12F8D000F54CE6 /* Assets.xcassets */,
				2964921B1C12F8D000F54CE6 /* LaunchScreen.storyboard */,
				2964921E1C12F8D000F54CE6 /* Info.plist */,
				2964920D1C12F8D000F54CE6 /* Supporting Files */,
			);
			path = WeatherReport;
			sourceTree = "<group>";
		};
		2964920D1C12F8D000F54CE6 /* Supporting Files */ = {
			isa = PBXGroup;
			children = (
			);
			name = "Supporting Files";
			sourceTree = "<group>";
		};
		296492261C12FC9900F54CE6 /* Controller */ = {
			isa = PBXGroup;
			children = (
			);
			path = Controller;
			sourceTree = "<group>";
		};
		296492271C12FC9900F54CE6 /* Main */ = {
			isa = PBXGroup;
			children = (
				296492281C12FC9900F54CE6 /* Category  */,
				296492291C12FC9900F54CE6 /* Frameworks */,
				2964922A1C12FC9900F54CE6 /* Others */,
			);
			path = Main;
			sourceTree = "<group>";
		};
		296492281C12FC9900F54CE6 /* Category  */ = {
			isa = PBXGroup;
			children = (
			);
			path = "Category ";
			sourceTree = "<group>";
		};
		296492291C12FC9900F54CE6 /* Frameworks */ = {
			isa = PBXGroup;
			children = (
			);
			path = Frameworks;
			sourceTree = "<group>";
		};
		2964922A1C12FC9900F54CE6 /* Others */ = {
			isa = PBXGroup;
			children = (
				2964922B1C12FC9900F54CE6 /* AppDelegate.h */,
				2964922C1C12FC9900F54CE6 /* AppDelegate.m */,
				2964922D1C12FC9900F54CE6 /* main.m */,
			);
			path = Others;
			sourceTree = "<group>";
		};
		2964922E1C12FC9900F54CE6 /* Model */ = {
			isa = PBXGroup;
			children = (
			);
			path = Model;
			sourceTree = "<group>";
		};
		2964922F1C12FC9900F54CE6 /* View */ = {
			isa = PBXGroup;
			children = (
			);
			path = View;
			sourceTree = "<group>";
		};
/* End PBXGroup section */

/* Begin PBXNativeTarget section */
		296492091C12F8D000F54CE6 /* WeatherReport */ = {
			isa = PBXNativeTarget;
			buildConfigurationList = 296492211C12F8D000F54CE6 /* Build configuration list for PBXNativeTarget "WeatherReport" */;
			buildPhases = (
				296492061C12F8D000F54CE6 /* Sources */,
				296492071C12F8D000F54CE6 /* Frameworks */,
				296492081C12F8D000F54CE6 /* Resources */,
			);
			buildRules = (
			);
			dependencies = (
			);
			name = WeatherReport;
			productName = WeatherReport;
			productReference = 2964920A1C12F8D000F54CE6 /* WeatherReport.app */;
			productType = "com.apple.product-type.application";
		};
/* End PBXNativeTarget section */

/* Begin PBXProject section */
		296492021C12F8D000F54CE6 /* Project object */ = {
			isa = PBXProject;
			attributes = {
				LastUpgradeCheck = 0710;
				ORGANIZATIONNAME = YQ;
				TargetAttributes = {
					296492091C12F8D000F54CE6 = {
						CreatedOnToolsVersion = 7.1.1;
						DevelopmentTeam = XKQ8KRTVN5;
					};
				};
			};
			buildConfigurationList = 296492051C12F8D000F54CE6 /* Build configuration list for PBXProject "WeatherReport" */;
			compatibilityVersion = "Xcode 3.2";
			developmentRegion = English;
			hasScannedForEncodings = 0;
			knownRegions = (
				en,
				Base,
			);
			mainGroup = 296492011C12F8D000F54CE6;
			productRefGroup = 2964920B1C12F8D000F54CE6 /* Products */;
			projectDirPath = "";
			projectRoot = "";
			targets = (
				296492091C12F8D000F54CE6 /* WeatherReport */,
			);
		};
/* End PBXProject section */

/* Begin PBXResourcesBuildPhase section */
		296492081C12F8D000F54CE6 /* Resources */ = {
			isa = PBXResourcesBuildPhase;
			buildActionMask = 2147483647;
			files = (
				2964921D1C12F8D000F54CE6 /* LaunchScreen.storyboard in Resources */,
				2964921A1C12F8D000F54CE6 /* Assets.xcassets in Resources */,
			);
			runOnlyForDeploymentPostprocessing = 0;
		};
/* End PBXResourcesBuildPhase section */

/* Begin PBXSourcesBuildPhase section */
		296492061C12F8D000F54CE6 /* Sources */ = {
			isa = PBXSourcesBuildPhase;
			buildActionMask = 2147483647;
			files = (
				296492311C12FC9900F54CE6 /* main.m in Sources */,
				296492301C12FC9900F54CE6 /* AppDelegate.m in Sources */,
			);
			runOnlyForDeploymentPostprocessing = 0;
		};
/* End PBXSourcesBuildPhase section */

/* Begin PBXVariantGroup section */
		2964921B1C12F8D000F54CE6 /* LaunchScreen.storyboard */ = {
			isa = PBXVariantGroup;
			children = (
				2964921C1C12F8D000F54CE6 /* Base */,
			);
			name = LaunchScreen.storyboard;
			sourceTree = "<group>";
		};
/* End PBXVariantGroup section */

/* Begin XCBuildConfiguration section */
		2964921F1C12F8D000F54CE6 /* Debug */ = {
			isa = XCBuildConfiguration;
			buildSettings = {
				ALWAYS_SEARCH_USER_PATHS = NO;
				CLANG_CXX_LANGUAGE_STANDARD = "gnu++0x";
				CLANG_CXX_LIBRARY = "libc++";
				CLANG_ENABLE_MODULES = YES;
				CLANG_ENABLE_OBJC_ARC = YES;
				CLANG_WARN_BOOL_CONVERSION = YES;
				CLANG_WARN_CONSTANT_CONVERSION = YES;
				CLANG_WARN_DIRECT_OBJC_ISA_USAGE = YES_ERROR;
				CLANG_WARN_EMPTY_BODY = YES;
				CLANG_WARN_ENUM_CONVERSION = YES;
				CLANG_WARN_INT_CONVERSION = YES;
				CLANG_WARN_OBJC_ROOT_CLASS = YES_ERROR;
				CLANG_WARN_UNREACHABLE_CODE = YES;
				CLANG_WARN__DUPLICATE_METHOD_MATCH = YES;
				"CODE_SIGN_IDENTITY[sdk=iphoneos*]" = "iPhone Developer";
				COPY_PHASE_STRIP = NO;
				DEBUG_INFORMATION_FORMAT = dwarf;
				ENABLE_STRICT_OBJC_MSGSEND = YES;
				ENABLE_TESTABILITY = YES;
				GCC_C_LANGUAGE_STANDARD = gnu99;
				GCC_DYNAMIC_NO_PIC = NO;
				GCC_NO_COMMON_BLOCKS = YES;
				GCC_OPTIMIZATION_LEVEL = 0;
				GCC_PREPROCESSOR_DEFINITIONS = (
					"DEBUG=1",
					"$(inherited)",
				);
				GCC_WARN_64_TO_32_BIT_CONVERSION = YES;
				GCC_WARN_ABOUT_RETURN_TYPE = YES_ERROR;
				GCC_WARN_UNDECLARED_SELECTOR = YES;
				GCC_WARN_UNINITIALIZED_AUTOS = YES_AGGRESSIVE;
				GCC_WARN_UNUSED_FUNCTION = YES;
				GCC_WARN_UNUSED_VARIABLE = YES;
				IPHONEOS_DEPLOYMENT_TARGET = 9.1;
				MTL_ENABLE_DEBUG_INFO = YES;
				ONLY_ACTIVE_ARCH = YES;
				SDKROOT = iphoneos;
			};
			name = Debug;
		};
		296492201C12F8D000F54CE6 /* Release */ = {
			isa = XCBuildConfiguration;
			buildSettings = {
				ALWAYS_SEARCH_USER_PATHS = NO;
				CLANG_CXX_LANGUAGE_STANDARD = "gnu++0x";
				CLANG_CXX_LIBRARY = "libc++";
				CLANG_ENABLE_MODULES = YES;
				CLANG_ENABLE_OBJC_ARC = YES;
				CLANG_WARN_BOOL_CONVERSION = YES;
				CLANG_WARN_CONSTANT_CONVERSION = YES;
				CLANG_WARN_DIRECT_OBJC_ISA_USAGE = YES_ERROR;
				CLANG_WARN_EMPTY_BODY = YES;
				CLANG_WARN_ENUM_CONVERSION = YES;
				CLANG_WARN_INT_CONVERSION = YES;
				CLANG_WARN_OBJC_ROOT_CLASS = YES_ERROR;
				CLANG_WARN_UNREACHABLE_CODE = YES;
				CLANG_WARN__DUPLICATE_METHOD_MATCH = YES;
				"CODE_SIGN_IDENTITY[sdk=iphoneos*]" = "iPhone Developer";
				COPY_PHASE_STRIP = NO;
				DEBUG_INFORMATION_FORMAT = "dwarf-with-dsym";
				ENABLE_NS_ASSERTIONS = NO;
				ENABLE_STRICT_OBJC_MSGSEND = YES;
				GCC_C_LANGUAGE_STANDARD = gnu99;
				GCC_NO_COMMON_BLOCKS = YES;
				GCC_WARN_64_TO_32_BIT_CONVERSION = YES;
				GCC_WARN_ABOUT_RETURN_TYPE = YES_ERROR;
				GCC_WARN_UNDECLARED_SELECTOR = YES;
				GCC_WARN_UNINITIALIZED_AUTOS = YES_AGGRESSIVE;
				GCC_WARN_UNUSED_FUNCTION = YES;
				GCC_WARN_UNUSED_VARIABLE = YES;
				IPHONEOS_DEPLOYMENT_TARGET = 9.1;
				MTL_ENABLE_DEBUG_INFO = NO;
				SDKROOT = iphoneos;
				VALIDATE_PRODUCT = YES;
			};
			name = Release;
		};
		296492221C12F8D000F54CE6 /* Debug */ = {
			isa = XCBuildConfiguration;
			buildSettings = {
				ASSETCATALOG_COMPILER_APPICON_NAME = AppIcon;
				INFOPLIST_FILE = WeatherReport/Info.plist;
				IPHONEOS_DEPLOYMENT_TARGET = 7.0;
				LD_RUNPATH_SEARCH_PATHS = "$(inherited) @executable_path/Frameworks";
				PRODUCT_BUNDLE_IDENTIFIER = com.yoking.WeatherReport;
				PRODUCT_NAME = "$(TARGET_NAME)";
			};
			name = Debug;
		};
		296492231C12F8D000F54CE6 /* Release */ = {
			isa = XCBuildConfiguration;
			buildSettings = {
				ASSETCATALOG_COMPILER_APPICON_NAME = AppIcon;
				INFOPLIST_FILE = WeatherReport/Info.plist;
				IPHONEOS_DEPLOYMENT_TARGET = 7.0;
				LD_RUNPATH_SEARCH_PATHS = "$(inherited) @executable_path/Frameworks";
				PRODUCT_BUNDLE_IDENTIFIER = com.yoking.WeatherReport;
				PRODUCT_NAME = "$(TARGET_NAME)";
			};
			name = Release;
		};
/* End XCBuildConfiguration section */

/* Begin XCConfigurationList section */
		296492051C12F8D000F54CE6 /* Build configuration list for PBXProject "WeatherReport" */ = {
			isa = XCConfigurationList;
			buildConfigurations = (
				2964921F1C12F8D000F54CE6 /* Debug */,
				296492201C12F8D000F54CE6 /* Release */,
			);
			defaultConfigurationIsVisible = 0;
			defaultConfigurationName = Release;
		};
		296492211C12F8D000F54CE6 /* Build configuration list for PBXNativeTarget "WeatherReport" */ = {
			isa = XCConfigurationList;
			buildConfigurations = (
				296492221C12F8D000F54CE6 /* Debug */,
				296492231C12F8D000F54CE6 /* Release */,
			);
			defaultConfigurationIsVisible = 0;
		};
/* End XCConfigurationList section */
	};
	rootObject = 296492021C12F8D000F54CE6 /* Project object */;
}
